
Microsoft Visual Studio Solution File, Format Version 12.00
# Visual Studio 15
VisualStudioVersion = 15.0.28307.705
MinimumVisualStudioVersion = 10.0.40219.1
Project("{FAE04EC0-301F-11D3-BF4B-00C04F79EFBC}") = "server", "server\server.csproj", "{80C18516-82DE-485B-B329-7DCA1401C772}"
EndProject
Global
	GlobalSection(SolutionConfigurationPlatforms) = preSolution
		Debug|Any CPU = Debug|Any CPU
		Release|Any CPU = Release|Any CPU
	EndGlobalSection
	GlobalSection(ProjectConfigurationPlatforms) = postSolution
		{80C18516-82DE-485B-B329-7DCA1401C772}.Debug|Any CPU.ActiveCfg = Debug|Any CPU
		{80C18516-82DE-485B-B329-7DCA1401C772}.Debug|Any CPU.Build.0 = Debug|Any CPU
		{80C18516-82DE-485B-B329-7DCA1401C772}.Release|Any CPU.ActiveCfg = Release|Any CPU
		{80C18516-82DE-485B-B329-7DCA1401C772}.Release|Any CPU.Build.0 = Release|Any CPU
	EndGlobalSection
	GlobalSection(SolutionProperties) = preSolution
		HideSolutionNode = FALSE
	EndGlobalSection
	GlobalSection(ExtensibilityGlobals) = postSolution
		SolutionGuid = {D9F30483-61DA-4AA9-AF7A-379342DC0C0E}
	EndGlobalSection
EndGlobal
